
Microsoft Visual Studio Solution File, Format Version 12.00
# Visual Studio Version 16
VisualStudioVersion = 16.0.30114.105
MinimumVisualStudioVersion = 10.0.40219.1
Project("{FAE04EC0-301F-11D3-BF4B-00C04F79EFBC}") = "Data.ControlCenter", "Data.ControlCenter\Data.ControlCenter.csproj", "{6AB0C878-F683-4240-B36D-6F80C00CEFF4}"
EndProject
Project("{FAE04EC0-301F-11D3-BF4B-00C04F79EFBC}") = "webapiapp", "webapiapp\webapiapp.csproj", "{2E28C6B2-8914-44F7-BE78-777156C8F09C}"
EndProject
Global
	GlobalSection(SolutionConfigurationPlatforms) = preSolution
		Debug|Any CPU = Debug|Any CPU
		Release|Any CPU = Release|Any CPU
	EndGlobalSection
	GlobalSection(ProjectConfigurationPlatforms) = postSolution
		{6AB0C878-F683-4240-B36D-6F80C00CEFF4}.Debug|Any CPU.ActiveCfg = Debug|Any CPU
		{6AB0C878-F683-4240-B36D-6F80C00CEFF4}.Debug|Any CPU.Build.0 = Debug|Any CPU
		{6AB0C878-F683-4240-B36D-6F80C00CEFF4}.Release|Any CPU.ActiveCfg = Release|Any CPU
		{6AB0C878-F683-4240-B36D-6F80C00CEFF4}.Release|Any CPU.Build.0 = Release|Any CPU
		{2E28C6B2-8914-44F7-BE78-777156C8F09C}.Debug|Any CPU.ActiveCfg = Debug|Any CPU
		{2E28C6B2-8914-44F7-BE78-777156C8F09C}.Debug|Any CPU.Build.0 = Debug|Any CPU
		{2E28C6B2-8914-44F7-BE78-777156C8F09C}.Release|Any CPU.ActiveCfg = Release|Any CPU
		{2E28C6B2-8914-44F7-BE78-777156C8F09C}.Release|Any CPU.Build.0 = Release|Any CPU
	EndGlobalSection
	GlobalSection(SolutionProperties) = preSolution
		HideSolutionNode = FALSE
	EndGlobalSection
	GlobalSection(ExtensibilityGlobals) = postSolution
		SolutionGuid = {5F044E9B-2A39-4019-B780-0E9C842466FD}
	EndGlobalSection
EndGlobal
